
Microsoft Visual Studio Solution File, Format Version 12.00
# Visual Studio Version 16
VisualStudioVersion = 16.0.30804.86
MinimumVisualStudioVersion = 10.0.40219.1
Project("{9A19103F-16F7-4668-BE54-9A1E7A4F7556}") = "AirlineManagementSystem", "AirlineManagementSystem\AirlineManagementSystem.csproj", "{0C23C5E5-D1D8-45AD-BF31-4EDD3E717DA0}"
EndProject
Project("{FAE04EC0-301F-11D3-BF4B-00C04F79EFBC}") = "ConsoleAppAirlineSolution", "ConsoleAppAirlineSolution\ConsoleAppAirlineSolution.csproj", "{863549DA-96B6-4FFD-BBBB-0D83F8ACE833}"
EndProject
Global
	GlobalSection(SolutionConfigurationPlatforms) = preSolution
		Debug|Any CPU = Debug|Any CPU
		Release|Any CPU = Release|Any CPU
	EndGlobalSection
	GlobalSection(ProjectConfigurationPlatforms) = postSolution
		{0C23C5E5-D1D8-45AD-BF31-4EDD3E717DA0}.Debug|Any CPU.ActiveCfg = Debug|Any CPU
		{0C23C5E5-D1D8-45AD-BF31-4EDD3E717DA0}.Debug|Any CPU.Build.0 = Debug|Any CPU
		{0C23C5E5-D1D8-45AD-BF31-4EDD3E717DA0}.Release|Any CPU.ActiveCfg = Release|Any CPU
		{0C23C5E5-D1D8-45AD-BF31-4EDD3E717DA0}.Release|Any CPU.Build.0 = Release|Any CPU
		{863549DA-96B6-4FFD-BBBB-0D83F8ACE833}.Debug|Any CPU.ActiveCfg = Debug|Any CPU
		{863549DA-96B6-4FFD-BBBB-0D83F8ACE833}.Debug|Any CPU.Build.0 = Debug|Any CPU
		{863549DA-96B6-4FFD-BBBB-0D83F8ACE833}.Release|Any CPU.ActiveCfg = Release|Any CPU
		{863549DA-96B6-4FFD-BBBB-0D83F8ACE833}.Release|Any CPU.Build.0 = Release|Any CPU
	EndGlobalSection
	GlobalSection(SolutionProperties) = preSolution
		HideSolutionNode = FALSE
	EndGlobalSection
	GlobalSection(ExtensibilityGlobals) = postSolution
		SolutionGuid = {A805810E-3E2E-462B-8984-0C5BF0E45A76}
	EndGlobalSection
EndGlobal
